
Microsoft Visual Studio Solution File, Format Version 12.00
# Visual Studio Version 17
VisualStudioVersion = 17.0.31903.59
MinimumVisualStudioVersion = 10.0.40219.1
Project("{2150E333-8FDC-42A3-9474-1A3956D46DE8}") = "src", "src", "{0279F254-3143-4A67-ACBD-8B37E231DEBE}"
EndProject
Project("{FAE04EC0-301F-11D3-BF4B-00C04F79EFBC}") = "Application", "src\Application\Application.csproj", "{CFA39377-E5AD-49FE-B029-CE5A773DD434}"
EndProject
Project("{FAE04EC0-301F-11D3-BF4B-00C04F79EFBC}") = "Domain", "src\Domain\Domain.csproj", "{3DC385FC-448F-4C7B-8AF2-DFEB0F2E5F7C}"
EndProject
Project("{FAE04EC0-301F-11D3-BF4B-00C04F79EFBC}") = "Infrastructure", "src\Infrastructure\Infrastructure.csproj", "{A5CA31DB-417B-4D88-B9A1-44F365A5C0FC}"
EndProject
Project("{FAE04EC0-301F-11D3-BF4B-00C04F79EFBC}") = "WebApi", "src\WebApi\WebApi.csproj", "{820F1133-9658-46D8-8D9A-60DB095749AF}"
EndProject
Project("{2150E333-8FDC-42A3-9474-1A3956D46DE8}") = "tests", "tests", "{AE8E7DF2-FE22-4AD0-B83B-B7CA56FFE7E7}"
EndProject
Project("{FAE04EC0-301F-11D3-BF4B-00C04F79EFBC}") = "Application.Tests", "tests\Application.Tests\Application.Tests.csproj", "{1B74E97E-7ED6-44C5-BF8B-4BB1AF8BF0E6}"
EndProject
Project("{FAE04EC0-301F-11D3-BF4B-00C04F79EFBC}") = "Domain.Tests", "tests\Domain.Tests\Domain.Tests.csproj", "{BDF8ECA5-3CD3-4D7C-9635-FB787514229A}"
EndProject
Project("{FAE04EC0-301F-11D3-BF4B-00C04F79EFBC}") = "Infrastructure.Tests", "tests\Infrastructure.Tests\Infrastructure.Tests.csproj", "{C6BA87CE-7EAB-442F-8038-18D08AD9AAFE}"
EndProject
Project("{FAE04EC0-301F-11D3-BF4B-00C04F79EFBC}") = "WebApi.Tests", "tests\WebApi.Tests\WebApi.Tests.csproj", "{5344B999-208D-4A04-9F39-E32A67AFB5DB}"
EndProject
Global
	GlobalSection(SolutionConfigurationPlatforms) = preSolution
		Debug|Any CPU = Debug|Any CPU
		Release|Any CPU = Release|Any CPU
	EndGlobalSection
	GlobalSection(SolutionProperties) = preSolution
		HideSolutionNode = FALSE
	EndGlobalSection
	GlobalSection(ProjectConfigurationPlatforms) = postSolution
		{CFA39377-E5AD-49FE-B029-CE5A773DD434}.Debug|Any CPU.ActiveCfg = Debug|Any CPU
		{CFA39377-E5AD-49FE-B029-CE5A773DD434}.Debug|Any CPU.Build.0 = Debug|Any CPU
		{CFA39377-E5AD-49FE-B029-CE5A773DD434}.Release|Any CPU.ActiveCfg = Release|Any CPU
		{CFA39377-E5AD-49FE-B029-CE5A773DD434}.Release|Any CPU.Build.0 = Release|Any CPU
		{3DC385FC-448F-4C7B-8AF2-DFEB0F2E5F7C}.Debug|Any CPU.ActiveCfg = Debug|Any CPU
		{3DC385FC-448F-4C7B-8AF2-DFEB0F2E5F7C}.Debug|Any CPU.Build.0 = Debug|Any CPU
		{3DC385FC-448F-4C7B-8AF2-DFEB0F2E5F7C}.Release|Any CPU.ActiveCfg = Release|Any CPU
		{3DC385FC-448F-4C7B-8AF2-DFEB0F2E5F7C}.Release|Any CPU.Build.0 = Release|Any CPU
		{A5CA31DB-417B-4D88-B9A1-44F365A5C0FC}.Debug|Any CPU.ActiveCfg = Debug|Any CPU
		{A5CA31DB-417B-4D88-B9A1-44F365A5C0FC}.Debug|Any CPU.Build.0 = Debug|Any CPU
		{A5CA31DB-417B-4D88-B9A1-44F365A5C0FC}.Release|Any CPU.ActiveCfg = Release|Any CPU
		{A5CA31DB-417B-4D88-B9A1-44F365A5C0FC}.Release|Any CPU.Build.0 = Release|Any CPU
		{820F1133-9658-46D8-8D9A-60DB095749AF}.Debug|Any CPU.ActiveCfg = Debug|Any CPU
		{820F1133-9658-46D8-8D9A-60DB095749AF}.Debug|Any CPU.Build.0 = Debug|Any CPU
		{820F1133-9658-46D8-8D9A-60DB095749AF}.Release|Any CPU.ActiveCfg = Release|Any CPU
		{820F1133-9658-46D8-8D9A-60DB095749AF}.Release|Any CPU.Build.0 = Release|Any CPU
		{1B74E97E-7ED6-44C5-BF8B-4BB1AF8BF0E6}.Debug|Any CPU.ActiveCfg = Debug|Any CPU
		{1B74E97E-7ED6-44C5-BF8B-4BB1AF8BF0E6}.Debug|Any CPU.Build.0 = Debug|Any CPU
		{1B74E97E-7ED6-44C5-BF8B-4BB1AF8BF0E6}.Release|Any CPU.ActiveCfg = Release|Any CPU
		{1B74E97E-7ED6-44C5-BF8B-4BB1AF8BF0E6}.Release|Any CPU.Build.0 = Release|Any CPU
		{BDF8ECA5-3CD3-4D7C-9635-FB787514229A}.Debug|Any CPU.ActiveCfg = Debug|Any CPU
		{BDF8ECA5-3CD3-4D7C-9635-FB787514229A}.Debug|Any CPU.Build.0 = Debug|Any CPU
		{BDF8ECA5-3CD3-4D7C-9635-FB787514229A}.Release|Any CPU.ActiveCfg = Release|Any CPU
		{BDF8ECA5-3CD3-4D7C-9635-FB787514229A}.Release|Any CPU.Build.0 = Release|Any CPU
		{C6BA87CE-7EAB-442F-8038-18D08AD9AAFE}.Debug|Any CPU.ActiveCfg = Debug|Any CPU
		{C6BA87CE-7EAB-442F-8038-18D08AD9AAFE}.Debug|Any CPU.Build.0 = Debug|Any CPU
		{C6BA87CE-7EAB-442F-8038-18D08AD9AAFE}.Release|Any CPU.ActiveCfg = Release|Any CPU
		{C6BA87CE-7EAB-442F-8038-18D08AD9AAFE}.Release|Any CPU.Build.0 = Release|Any CPU
		{5344B999-208D-4A04-9F39-E32A67AFB5DB}.Debug|Any CPU.ActiveCfg = Debug|Any CPU
		{5344B999-208D-4A04-9F39-E32A67AFB5DB}.Debug|Any CPU.Build.0 = Debug|Any CPU
		{5344B999-208D-4A04-9F39-E32A67AFB5DB}.Release|Any CPU.ActiveCfg = Release|Any CPU
		{5344B999-208D-4A04-9F39-E32A67AFB5DB}.Release|Any CPU.Build.0 = Release|Any CPU
	EndGlobalSection
	GlobalSection(NestedProjects) = preSolution
		{CFA39377-E5AD-49FE-B029-CE5A773DD434} = {0279F254-3143-4A67-ACBD-8B37E231DEBE}
		{3DC385FC-448F-4C7B-8AF2-DFEB0F2E5F7C} = {0279F254-3143-4A67-ACBD-8B37E231DEBE}
		{A5CA31DB-417B-4D88-B9A1-44F365A5C0FC} = {0279F254-3143-4A67-ACBD-8B37E231DEBE}
		{820F1133-9658-46D8-8D9A-60DB095749AF} = {0279F254-3143-4A67-ACBD-8B37E231DEBE}
		{1B74E97E-7ED6-44C5-BF8B-4BB1AF8BF0E6} = {AE8E7DF2-FE22-4AD0-B83B-B7CA56FFE7E7}
		{BDF8ECA5-3CD3-4D7C-9635-FB787514229A} = {AE8E7DF2-FE22-4AD0-B83B-B7CA56FFE7E7}
		{C6BA87CE-7EAB-442F-8038-18D08AD9AAFE} = {AE8E7DF2-FE22-4AD0-B83B-B7CA56FFE7E7}
		{5344B999-208D-4A04-9F39-E32A67AFB5DB} = {AE8E7DF2-FE22-4AD0-B83B-B7CA56FFE7E7}
	EndGlobalSection
EndGlobal
